
Microsoft Visual Studio Solution File, Format Version 12.00
Project("{FAE04EC0-301F-11D3-BF4B-00C04F79EFBC}") = "Gabefier", "Gabefier.csproj", "{C259FA2A-C080-487D-8571-A9F313471CF1}"
EndProject
Global
	GlobalSection(SolutionConfigurationPlatforms) = preSolution
		Debug|Any CPU = Debug|Any CPU
		Release|Any CPU = Release|Any CPU
	EndGlobalSection
	GlobalSection(ProjectConfigurationPlatforms) = postSolution
		{C259FA2A-C080-487D-8571-A9F313471CF1}.Debug|Any CPU.ActiveCfg = Debug|Any CPU
		{C259FA2A-C080-487D-8571-A9F313471CF1}.Debug|Any CPU.Build.0 = Debug|Any CPU
		{C259FA2A-C080-487D-8571-A9F313471CF1}.Release|Any CPU.ActiveCfg = Release|Any CPU
		{C259FA2A-C080-487D-8571-A9F313471CF1}.Release|Any CPU.Build.0 = Release|Any CPU
	EndGlobalSection
EndGlobal
